
Microsoft Visual Studio Solution File, Format Version 12.00
# Visual Studio 15
Project("{FAE04EC0-301F-11D3-BF4B-00C04F79EFBC}") = "Unity.Timeline", "Unity.Timeline.csproj", "{27A7F9F3-064C-AF3F-E8A9-A05A923D54F8}"
EndProject
Project("{FAE04EC0-301F-11D3-BF4B-00C04F79EFBC}") = "Unity.Timeline.Editor", "Unity.Timeline.Editor.csproj", "{F68E9103-A0A4-BBAA-6D8A-D77C7F1AD541}"
EndProject
Project("{FAE04EC0-301F-11D3-BF4B-00C04F79EFBC}") = "Unity.2D.Tilemap.Editor", "Unity.2D.Tilemap.Editor.csproj", "{27E45627-0B29-5413-E035-8FCAE6B0F9AF}"
EndProject
Project("{FAE04EC0-301F-11D3-BF4B-00C04F79EFBC}") = "Unity.TextMeshPro.Editor", "Unity.TextMeshPro.Editor.csproj", "{746B4BEA-77F3-9608-B237-2CD1AF19CF0C}"
EndProject
Project("{FAE04EC0-301F-11D3-BF4B-00C04F79EFBC}") = "Unity.VisualScripting.Flow", "Unity.VisualScripting.Flow.csproj", "{0793EAFB-065C-CE89-DE52-22D761038A4F}"
EndProject
Project("{FAE04EC0-301F-11D3-BF4B-00C04F79EFBC}") = "UnityEditor.UI", "UnityEditor.UI.csproj", "{F7C5AC8F-61C3-8E2F-26FD-4B7C76DF2DC7}"
EndProject
Project("{FAE04EC0-301F-11D3-BF4B-00C04F79EFBC}") = "Unity.PlasticSCM.Editor", "Unity.PlasticSCM.Editor.csproj", "{0233C2DA-3FB6-827E-4831-1925610489EA}"
EndProject
Project("{FAE04EC0-301F-11D3-BF4B-00C04F79EFBC}") = "Unity.VisualScripting.Core", "Unity.VisualScripting.Core.csproj", "{B1C11A1A-EB7E-40EC-A20C-010E4AE91971}"
EndProject
Project("{FAE04EC0-301F-11D3-BF4B-00C04F79EFBC}") = "Unity.VisualScripting.Core.Editor", "Unity.VisualScripting.Core.Editor.csproj", "{B99B1354-7038-5716-92F4-6E3305E7A8A8}"
EndProject
Project("{FAE04EC0-301F-11D3-BF4B-00C04F79EFBC}") = "Unity.VisualScripting.Flow.Editor", "Unity.VisualScripting.Flow.Editor.csproj", "{19F8BA29-9039-535C-1EA2-58FE9292EDE4}"
EndProject
Project("{FAE04EC0-301F-11D3-BF4B-00C04F79EFBC}") = "UnityEditor.TestRunner", "UnityEditor.TestRunner.csproj", "{CC3924C1-FF7C-211D-C618-5E012AE1DFE7}"
EndProject
Project("{FAE04EC0-301F-11D3-BF4B-00C04F79EFBC}") = "Assembly-CSharp", "Assembly-CSharp.csproj", "{40E1B4B4-384C-E8D6-A236-672A98F34B7B}"
EndProject
Project("{FAE04EC0-301F-11D3-BF4B-00C04F79EFBC}") = "Unity.VisualScripting.SettingsProvider.Editor", "Unity.VisualScripting.SettingsProvider.Editor.csproj", "{C8C18D90-04CB-BEB6-9936-F9DE70BFCB2A}"
EndProject
Project("{FAE04EC0-301F-11D3-BF4B-00C04F79EFBC}") = "UnityEngine.TestRunner", "UnityEngine.TestRunner.csproj", "{99063EB0-3EA6-4448-D544-EA0DBF030E8B}"
EndProject
Project("{FAE04EC0-301F-11D3-BF4B-00C04F79EFBC}") = "UnityEngine.UI", "UnityEngine.UI.csproj", "{5CD4C1AD-6764-C44A-E4AC-0923644DEF28}"
EndProject
Project("{FAE04EC0-301F-11D3-BF4B-00C04F79EFBC}") = "Unity.VisualStudio.Editor", "Unity.VisualStudio.Editor.csproj", "{3DF8D6D4-FBA7-3070-0464-B60D3AC0733C}"
EndProject
Project("{FAE04EC0-301F-11D3-BF4B-00C04F79EFBC}") = "Unity.2D.Tilemap.Extras.Editor", "Unity.2D.Tilemap.Extras.Editor.csproj", "{F7A2F3C1-5E2F-A7E6-7473-8F393B3AEDAA}"
EndProject
Project("{FAE04EC0-301F-11D3-BF4B-00C04F79EFBC}") = "Unity.TestTools.CodeCoverage.Editor.OpenCover.Model", "Unity.TestTools.CodeCoverage.Editor.OpenCover.Model.csproj", "{8AFEF4BC-E820-6530-F01F-26676489F7E4}"
EndProject
Project("{FAE04EC0-301F-11D3-BF4B-00C04F79EFBC}") = "Unity.Rider.Editor", "Unity.Rider.Editor.csproj", "{9845C7FD-7234-899E-9C3E-960652A02B1C}"
EndProject
Project("{FAE04EC0-301F-11D3-BF4B-00C04F79EFBC}") = "Unity.VisualScripting.State.Editor", "Unity.VisualScripting.State.Editor.csproj", "{7E8E534F-7AE2-0EAA-09E4-C85B49FE5684}"
EndProject
Project("{FAE04EC0-301F-11D3-BF4B-00C04F79EFBC}") = "Unity.TestTools.CodeCoverage.Editor", "Unity.TestTools.CodeCoverage.Editor.csproj", "{3F963F4A-C9BC-B49E-4393-FA535CC17565}"
EndProject
Project("{FAE04EC0-301F-11D3-BF4B-00C04F79EFBC}") = "Unity.2D.Tilemap.Extras", "Unity.2D.Tilemap.Extras.csproj", "{91520B9C-88C2-D657-34CA-5E2945F46C4E}"
EndProject
Project("{FAE04EC0-301F-11D3-BF4B-00C04F79EFBC}") = "Unity.VisualScripting.State", "Unity.VisualScripting.State.csproj", "{C473925B-9E57-2CE1-B9E4-33F0999542C4}"
EndProject
Project("{FAE04EC0-301F-11D3-BF4B-00C04F79EFBC}") = "Unity.TextMeshPro", "Unity.TextMeshPro.csproj", "{D541B8BD-5DB4-5F79-CEF2-630B78297B17}"
EndProject
Project("{FAE04EC0-301F-11D3-BF4B-00C04F79EFBC}") = "Unity.Performance.Profile-Analyzer.Editor", "Unity.Performance.Profile-Analyzer.Editor.csproj", "{5A236720-05AB-A246-BFCB-0E207FB9D3C1}"
EndProject
Project("{FAE04EC0-301F-11D3-BF4B-00C04F79EFBC}") = "Unity.VSCode.Editor", "Unity.VSCode.Editor.csproj", "{6606F4AF-61E7-6903-BC8B-CE5A2437D964}"
EndProject
Project("{FAE04EC0-301F-11D3-BF4B-00C04F79EFBC}") = "Unity.TestTools.CodeCoverage.Editor.OpenCover.Mono.Reflection", "Unity.TestTools.CodeCoverage.Editor.OpenCover.Mono.Reflection.csproj", "{3FFD1EB7-ECD6-10C9-D2ED-16A5BCFA22D9}"
EndProject
Project("{FAE04EC0-301F-11D3-BF4B-00C04F79EFBC}") = "Unity.Settings.Editor", "Unity.Settings.Editor.csproj", "{7947A1D3-D405-F4ED-3866-7A5733B9D3BE}"
EndProject
Project("{FAE04EC0-301F-11D3-BF4B-00C04F79EFBC}") = "Unity.EditorCoroutines.Editor", "Unity.EditorCoroutines.Editor.csproj", "{44394FF5-2C6F-C170-4F11-1ADC8154FD5E}"
EndProject
Project("{FAE04EC0-301F-11D3-BF4B-00C04F79EFBC}") = "Unity.VisualScripting.Shared.Editor", "Unity.VisualScripting.Shared.Editor.csproj", "{1DF5D59A-5349-CA97-20C4-7785D91DE207}"
EndProject
Project("{FAE04EC0-301F-11D3-BF4B-00C04F79EFBC}") = "Unity.CollabProxy.Editor", "Unity.CollabProxy.Editor.csproj", "{923C5847-8F05-7161-6545-B17BAD6D865E}"
EndProject
Project("{FAE04EC0-301F-11D3-BF4B-00C04F79EFBC}") = "Unity.Timeline", "Unity.Timeline.Player.csproj", "{6C4A283D-A491-61BC-00DA-C46C7626B84B}"
EndProject
Project("{FAE04EC0-301F-11D3-BF4B-00C04F79EFBC}") = "Unity.VisualScripting.Flow", "Unity.VisualScripting.Flow.Player.csproj", "{2994FAF7-2B6F-0229-9D20-C863CC11377B}"
EndProject
Project("{FAE04EC0-301F-11D3-BF4B-00C04F79EFBC}") = "Unity.VisualScripting.Core", "Unity.VisualScripting.Core.Player.csproj", "{F0151D30-0660-2C6D-907B-F51FBB7F96BC}"
EndProject
Project("{FAE04EC0-301F-11D3-BF4B-00C04F79EFBC}") = "Assembly-CSharp", "Assembly-CSharp.Player.csproj", "{3EA01670-5E84-D621-34A7-471C126AC737}"
EndProject
Project("{FAE04EC0-301F-11D3-BF4B-00C04F79EFBC}") = "UnityEngine.TestRunner", "UnityEngine.TestRunner.Player.csproj", "{1E813658-6337-10AF-474A-C05B3796FE2E}"
EndProject
Project("{FAE04EC0-301F-11D3-BF4B-00C04F79EFBC}") = "UnityEngine.UI", "UnityEngine.UI.Player.csproj", "{CEA69AB2-C6E3-787F-79D2-DB00876C907A}"
EndProject
Project("{FAE04EC0-301F-11D3-BF4B-00C04F79EFBC}") = "Unity.2D.Tilemap.Extras", "Unity.2D.Tilemap.Extras.Player.csproj", "{6211C51D-867A-88A7-5149-A05FD7F6E0E8}"
EndProject
Project("{FAE04EC0-301F-11D3-BF4B-00C04F79EFBC}") = "Unity.VisualScripting.State", "Unity.VisualScripting.State.Player.csproj", "{0FAD9999-B0D6-F45A-850C-2589C894615B}"
EndProject
Project("{FAE04EC0-301F-11D3-BF4B-00C04F79EFBC}") = "Unity.TextMeshPro", "Unity.TextMeshPro.Player.csproj", "{57016CC9-B243-134D-FD4C-3AB88705C1B5}"
EndProject
Global
	GlobalSection(SolutionConfigurationPlatforms) = preSolution
		Debug|Any CPU = Debug|Any CPU
		Release|Any CPU = Release|Any CPU
	EndGlobalSection
	GlobalSection(ProjectConfigurationPlatforms) = postSolution
		{27A7F9F3-064C-AF3F-E8A9-A05A923D54F8}.Debug|Any CPU.ActiveCfg = Debug|Any CPU
		{27A7F9F3-064C-AF3F-E8A9-A05A923D54F8}.Debug|Any CPU.Build.0 = Debug|Any CPU
		{27A7F9F3-064C-AF3F-E8A9-A05A923D54F8}.Release|Any CPU.ActiveCfg = Release|Any CPU
		{27A7F9F3-064C-AF3F-E8A9-A05A923D54F8}.Release|Any CPU.Build.0 = Release|Any CPU
		{F68E9103-A0A4-BBAA-6D8A-D77C7F1AD541}.Debug|Any CPU.ActiveCfg = Debug|Any CPU
		{F68E9103-A0A4-BBAA-6D8A-D77C7F1AD541}.Debug|Any CPU.Build.0 = Debug|Any CPU
		{F68E9103-A0A4-BBAA-6D8A-D77C7F1AD541}.Release|Any CPU.ActiveCfg = Release|Any CPU
		{F68E9103-A0A4-BBAA-6D8A-D77C7F1AD541}.Release|Any CPU.Build.0 = Release|Any CPU
		{27E45627-0B29-5413-E035-8FCAE6B0F9AF}.Debug|Any CPU.ActiveCfg = Debug|Any CPU
		{27E45627-0B29-5413-E035-8FCAE6B0F9AF}.Debug|Any CPU.Build.0 = Debug|Any CPU
		{27E45627-0B29-5413-E035-8FCAE6B0F9AF}.Release|Any CPU.ActiveCfg = Release|Any CPU
		{27E45627-0B29-5413-E035-8FCAE6B0F9AF}.Release|Any CPU.Build.0 = Release|Any CPU
		{746B4BEA-77F3-9608-B237-2CD1AF19CF0C}.Debug|Any CPU.ActiveCfg = Debug|Any CPU
		{746B4BEA-77F3-9608-B237-2CD1AF19CF0C}.Debug|Any CPU.Build.0 = Debug|Any CPU
		{746B4BEA-77F3-9608-B237-2CD1AF19CF0C}.Release|Any CPU.ActiveCfg = Release|Any CPU
		{746B4BEA-77F3-9608-B237-2CD1AF19CF0C}.Release|Any CPU.Build.0 = Release|Any CPU
		{0793EAFB-065C-CE89-DE52-22D761038A4F}.Debug|Any CPU.ActiveCfg = Debug|Any CPU
		{0793EAFB-065C-CE89-DE52-22D761038A4F}.Debug|Any CPU.Build.0 = Debug|Any CPU
		{0793EAFB-065C-CE89-DE52-22D761038A4F}.Release|Any CPU.ActiveCfg = Release|Any CPU
		{0793EAFB-065C-CE89-DE52-22D761038A4F}.Release|Any CPU.Build.0 = Release|Any CPU
		{F7C5AC8F-61C3-8E2F-26FD-4B7C76DF2DC7}.Debug|Any CPU.ActiveCfg = Debug|Any CPU
		{F7C5AC8F-61C3-8E2F-26FD-4B7C76DF2DC7}.Debug|Any CPU.Build.0 = Debug|Any CPU
		{F7C5AC8F-61C3-8E2F-26FD-4B7C76DF2DC7}.Release|Any CPU.ActiveCfg = Release|Any CPU
		{F7C5AC8F-61C3-8E2F-26FD-4B7C76DF2DC7}.Release|Any CPU.Build.0 = Release|Any CPU
		{0233C2DA-3FB6-827E-4831-1925610489EA}.Debug|Any CPU.ActiveCfg = Debug|Any CPU
		{0233C2DA-3FB6-827E-4831-1925610489EA}.Debug|Any CPU.Build.0 = Debug|Any CPU
		{0233C2DA-3FB6-827E-4831-1925610489EA}.Release|Any CPU.ActiveCfg = Release|Any CPU
		{0233C2DA-3FB6-827E-4831-1925610489EA}.Release|Any CPU.Build.0 = Release|Any CPU
		{B1C11A1A-EB7E-40EC-A20C-010E4AE91971}.Debug|Any CPU.ActiveCfg = Debug|Any CPU
		{B1C11A1A-EB7E-40EC-A20C-010E4AE91971}.Debug|Any CPU.Build.0 = Debug|Any CPU
		{B1C11A1A-EB7E-40EC-A20C-010E4AE91971}.Release|Any CPU.ActiveCfg = Release|Any CPU
		{B1C11A1A-EB7E-40EC-A20C-010E4AE91971}.Release|Any CPU.Build.0 = Release|Any CPU
		{B99B1354-7038-5716-92F4-6E3305E7A8A8}.Debug|Any CPU.ActiveCfg = Debug|Any CPU
		{B99B1354-7038-5716-92F4-6E3305E7A8A8}.Debug|Any CPU.Build.0 = Debug|Any CPU
		{B99B1354-7038-5716-92F4-6E3305E7A8A8}.Release|Any CPU.ActiveCfg = Release|Any CPU
		{B99B1354-7038-5716-92F4-6E3305E7A8A8}.Release|Any CPU.Build.0 = Release|Any CPU
		{19F8BA29-9039-535C-1EA2-58FE9292EDE4}.Debug|Any CPU.ActiveCfg = Debug|Any CPU
		{19F8BA29-9039-535C-1EA2-58FE9292EDE4}.Debug|Any CPU.Build.0 = Debug|Any CPU
		{19F8BA29-9039-535C-1EA2-58FE9292EDE4}.Release|Any CPU.ActiveCfg = Release|Any CPU
		{19F8BA29-9039-535C-1EA2-58FE9292EDE4}.Release|Any CPU.Build.0 = Release|Any CPU
		{CC3924C1-FF7C-211D-C618-5E012AE1DFE7}.Debug|Any CPU.ActiveCfg = Debug|Any CPU
		{CC3924C1-FF7C-211D-C618-5E012AE1DFE7}.Debug|Any CPU.Build.0 = Debug|Any CPU
		{CC3924C1-FF7C-211D-C618-5E012AE1DFE7}.Release|Any CPU.ActiveCfg = Release|Any CPU
		{CC3924C1-FF7C-211D-C618-5E012AE1DFE7}.Release|Any CPU.Build.0 = Release|Any CPU
		{40E1B4B4-384C-E8D6-A236-672A98F34B7B}.Debug|Any CPU.ActiveCfg = Debug|Any CPU
		{40E1B4B4-384C-E8D6-A236-672A98F34B7B}.Debug|Any CPU.Build.0 = Debug|Any CPU
		{40E1B4B4-384C-E8D6-A236-672A98F34B7B}.Release|Any CPU.ActiveCfg = Release|Any CPU
		{40E1B4B4-384C-E8D6-A236-672A98F34B7B}.Release|Any CPU.Build.0 = Release|Any CPU
		{C8C18D90-04CB-BEB6-9936-F9DE70BFCB2A}.Debug|Any CPU.ActiveCfg = Debug|Any CPU
		{C8C18D90-04CB-BEB6-9936-F9DE70BFCB2A}.Debug|Any CPU.Build.0 = Debug|Any CPU
		{C8C18D90-04CB-BEB6-9936-F9DE70BFCB2A}.Release|Any CPU.ActiveCfg = Release|Any CPU
		{C8C18D90-04CB-BEB6-9936-F9DE70BFCB2A}.Release|Any CPU.Build.0 = Release|Any CPU
		{99063EB0-3EA6-4448-D544-EA0DBF030E8B}.Debug|Any CPU.ActiveCfg = Debug|Any CPU
		{99063EB0-3EA6-4448-D544-EA0DBF030E8B}.Debug|Any CPU.Build.0 = Debug|Any CPU
		{99063EB0-3EA6-4448-D544-EA0DBF030E8B}.Release|Any CPU.ActiveCfg = Release|Any CPU
		{99063EB0-3EA6-4448-D544-EA0DBF030E8B}.Release|Any CPU.Build.0 = Release|Any CPU
		{5CD4C1AD-6764-C44A-E4AC-0923644DEF28}.Debug|Any CPU.ActiveCfg = Debug|Any CPU
		{5CD4C1AD-6764-C44A-E4AC-0923644DEF28}.Debug|Any CPU.Build.0 = Debug|Any CPU
		{5CD4C1AD-6764-C44A-E4AC-0923644DEF28}.Release|Any CPU.ActiveCfg = Release|Any CPU
		{5CD4C1AD-6764-C44A-E4AC-0923644DEF28}.Release|Any CPU.Build.0 = Release|Any CPU
		{3DF8D6D4-FBA7-3070-0464-B60D3AC0733C}.Debug|Any CPU.ActiveCfg = Debug|Any CPU
		{3DF8D6D4-FBA7-3070-0464-B60D3AC0733C}.Debug|Any CPU.Build.0 = Debug|Any CPU
		{3DF8D6D4-FBA7-3070-0464-B60D3AC0733C}.Release|Any CPU.ActiveCfg = Release|Any CPU
		{3DF8D6D4-FBA7-3070-0464-B60D3AC0733C}.Release|Any CPU.Build.0 = Release|Any CPU
		{F7A2F3C1-5E2F-A7E6-7473-8F393B3AEDAA}.Debug|Any CPU.ActiveCfg = Debug|Any CPU
		{F7A2F3C1-5E2F-A7E6-7473-8F393B3AEDAA}.Debug|Any CPU.Build.0 = Debug|Any CPU
		{F7A2F3C1-5E2F-A7E6-7473-8F393B3AEDAA}.Release|Any CPU.ActiveCfg = Release|Any CPU
		{F7A2F3C1-5E2F-A7E6-7473-8F393B3AEDAA}.Release|Any CPU.Build.0 = Release|Any CPU
		{8AFEF4BC-E820-6530-F01F-26676489F7E4}.Debug|Any CPU.ActiveCfg = Debug|Any CPU
		{8AFEF4BC-E820-6530-F01F-26676489F7E4}.Debug|Any CPU.Build.0 = Debug|Any CPU
		{8AFEF4BC-E820-6530-F01F-26676489F7E4}.Release|Any CPU.ActiveCfg = Release|Any CPU
		{8AFEF4BC-E820-6530-F01F-26676489F7E4}.Release|Any CPU.Build.0 = Release|Any CPU
		{9845C7FD-7234-899E-9C3E-960652A02B1C}.Debug|Any CPU.ActiveCfg = Debug|Any CPU
		{9845C7FD-7234-899E-9C3E-960652A02B1C}.Debug|Any CPU.Build.0 = Debug|Any CPU
		{9845C7FD-7234-899E-9C3E-960652A02B1C}.Release|Any CPU.ActiveCfg = Release|Any CPU
		{9845C7FD-7234-899E-9C3E-960652A02B1C}.Release|Any CPU.Build.0 = Release|Any CPU
		{7E8E534F-7AE2-0EAA-09E4-C85B49FE5684}.Debug|Any CPU.ActiveCfg = Debug|Any CPU
		{7E8E534F-7AE2-0EAA-09E4-C85B49FE5684}.Debug|Any CPU.Build.0 = Debug|Any CPU
		{7E8E534F-7AE2-0EAA-09E4-C85B49FE5684}.Release|Any CPU.ActiveCfg = Release|Any CPU
		{7E8E534F-7AE2-0EAA-09E4-C85B49FE5684}.Release|Any CPU.Build.0 = Release|Any CPU
		{3F963F4A-C9BC-B49E-4393-FA535CC17565}.Debug|Any CPU.ActiveCfg = Debug|Any CPU
		{3F963F4A-C9BC-B49E-4393-FA535CC17565}.Debug|Any CPU.Build.0 = Debug|Any CPU
		{3F963F4A-C9BC-B49E-4393-FA535CC17565}.Release|Any CPU.ActiveCfg = Release|Any CPU
		{3F963F4A-C9BC-B49E-4393-FA535CC17565}.Release|Any CPU.Build.0 = Release|Any CPU
		{91520B9C-88C2-D657-34CA-5E2945F46C4E}.Debug|Any CPU.ActiveCfg = Debug|Any CPU
		{91520B9C-88C2-D657-34CA-5E2945F46C4E}.Debug|Any CPU.Build.0 = Debug|Any CPU
		{91520B9C-88C2-D657-34CA-5E2945F46C4E}.Release|Any CPU.ActiveCfg = Release|Any CPU
		{91520B9C-88C2-D657-34CA-5E2945F46C4E}.Release|Any CPU.Build.0 = Release|Any CPU
		{C473925B-9E57-2CE1-B9E4-33F0999542C4}.Debug|Any CPU.ActiveCfg = Debug|Any CPU
		{C473925B-9E57-2CE1-B9E4-33F0999542C4}.Debug|Any CPU.Build.0 = Debug|Any CPU
		{C473925B-9E57-2CE1-B9E4-33F0999542C4}.Release|Any CPU.ActiveCfg = Release|Any CPU
		{C473925B-9E57-2CE1-B9E4-33F0999542C4}.Release|Any CPU.Build.0 = Release|Any CPU
		{D541B8BD-5DB4-5F79-CEF2-630B78297B17}.Debug|Any CPU.ActiveCfg = Debug|Any CPU
		{D541B8BD-5DB4-5F79-CEF2-630B78297B17}.Debug|Any CPU.Build.0 = Debug|Any CPU
		{D541B8BD-5DB4-5F79-CEF2-630B78297B17}.Release|Any CPU.ActiveCfg = Release|Any CPU
		{D541B8BD-5DB4-5F79-CEF2-630B78297B17}.Release|Any CPU.Build.0 = Release|Any CPU
		{5A236720-05AB-A246-BFCB-0E207FB9D3C1}.Debug|Any CPU.ActiveCfg = Debug|Any CPU
		{5A236720-05AB-A246-BFCB-0E207FB9D3C1}.Debug|Any CPU.Build.0 = Debug|Any CPU
		{5A236720-05AB-A246-BFCB-0E207FB9D3C1}.Release|Any CPU.ActiveCfg = Release|Any CPU
		{5A236720-05AB-A246-BFCB-0E207FB9D3C1}.Release|Any CPU.Build.0 = Release|Any CPU
		{6606F4AF-61E7-6903-BC8B-CE5A2437D964}.Debug|Any CPU.ActiveCfg = Debug|Any CPU
		{6606F4AF-61E7-6903-BC8B-CE5A2437D964}.Debug|Any CPU.Build.0 = Debug|Any CPU
		{6606F4AF-61E7-6903-BC8B-CE5A2437D964}.Release|Any CPU.ActiveCfg = Release|Any CPU
		{6606F4AF-61E7-6903-BC8B-CE5A2437D964}.Release|Any CPU.Build.0 = Release|Any CPU
		{3FFD1EB7-ECD6-10C9-D2ED-16A5BCFA22D9}.Debug|Any CPU.ActiveCfg = Debug|Any CPU
		{3FFD1EB7-ECD6-10C9-D2ED-16A5BCFA22D9}.Debug|Any CPU.Build.0 = Debug|Any CPU
		{3FFD1EB7-ECD6-10C9-D2ED-16A5BCFA22D9}.Release|Any CPU.ActiveCfg = Release|Any CPU
		{3FFD1EB7-ECD6-10C9-D2ED-16A5BCFA22D9}.Release|Any CPU.Build.0 = Release|Any CPU
		{7947A1D3-D405-F4ED-3866-7A5733B9D3BE}.Debug|Any CPU.ActiveCfg = Debug|Any CPU
		{7947A1D3-D405-F4ED-3866-7A5733B9D3BE}.Debug|Any CPU.Build.0 = Debug|Any CPU
		{7947A1D3-D405-F4ED-3866-7A5733B9D3BE}.Release|Any CPU.ActiveCfg = Release|Any CPU
		{7947A1D3-D405-F4ED-3866-7A5733B9D3BE}.Release|Any CPU.Build.0 = Release|Any CPU
		{44394FF5-2C6F-C170-4F11-1ADC8154FD5E}.Debug|Any CPU.ActiveCfg = Debug|Any CPU
		{44394FF5-2C6F-C170-4F11-1ADC8154FD5E}.Debug|Any CPU.Build.0 = Debug|Any CPU
		{44394FF5-2C6F-C170-4F11-1ADC8154FD5E}.Release|Any CPU.ActiveCfg = Release|Any CPU
		{44394FF5-2C6F-C170-4F11-1ADC8154FD5E}.Release|Any CPU.Build.0 = Release|Any CPU
		{1DF5D59A-5349-CA97-20C4-7785D91DE207}.Debug|Any CPU.ActiveCfg = Debug|Any CPU
		{1DF5D59A-5349-CA97-20C4-7785D91DE207}.Debug|Any CPU.Build.0 = Debug|Any CPU
		{1DF5D59A-5349-CA97-20C4-7785D91DE207}.Release|Any CPU.ActiveCfg = Release|Any CPU
		{1DF5D59A-5349-CA97-20C4-7785D91DE207}.Release|Any CPU.Build.0 = Release|Any CPU
		{923C5847-8F05-7161-6545-B17BAD6D865E}.Debug|Any CPU.ActiveCfg = Debug|Any CPU
		{923C5847-8F05-7161-6545-B17BAD6D865E}.Debug|Any CPU.Build.0 = Debug|Any CPU
		{923C5847-8F05-7161-6545-B17BAD6D865E}.Release|Any CPU.ActiveCfg = Release|Any CPU
		{923C5847-8F05-7161-6545-B17BAD6D865E}.Release|Any CPU.Build.0 = Release|Any CPU
		{6C4A283D-A491-61BC-00DA-C46C7626B84B}.Debug|Any CPU.ActiveCfg = Debug|Any CPU
		{6C4A283D-A491-61BC-00DA-C46C7626B84B}.Debug|Any CPU.Build.0 = Debug|Any CPU
		{6C4A283D-A491-61BC-00DA-C46C7626B84B}.Release|Any CPU.ActiveCfg = Release|Any CPU
		{6C4A283D-A491-61BC-00DA-C46C7626B84B}.Release|Any CPU.Build.0 = Release|Any CPU
		{2994FAF7-2B6F-0229-9D20-C863CC11377B}.Debug|Any CPU.ActiveCfg = Debug|Any CPU
		{2994FAF7-2B6F-0229-9D20-C863CC11377B}.Debug|Any CPU.Build.0 = Debug|Any CPU
		{2994FAF7-2B6F-0229-9D20-C863CC11377B}.Release|Any CPU.ActiveCfg = Release|Any CPU
		{2994FAF7-2B6F-0229-9D20-C863CC11377B}.Release|Any CPU.Build.0 = Release|Any CPU
		{F0151D30-0660-2C6D-907B-F51FBB7F96BC}.Debug|Any CPU.ActiveCfg = Debug|Any CPU
		{F0151D30-0660-2C6D-907B-F51FBB7F96BC}.Debug|Any CPU.Build.0 = Debug|Any CPU
		{F0151D30-0660-2C6D-907B-F51FBB7F96BC}.Release|Any CPU.ActiveCfg = Release|Any CPU
		{F0151D30-0660-2C6D-907B-F51FBB7F96BC}.Release|Any CPU.Build.0 = Release|Any CPU
		{3EA01670-5E84-D621-34A7-471C126AC737}.Debug|Any CPU.ActiveCfg = Debug|Any CPU
		{3EA01670-5E84-D621-34A7-471C126AC737}.Debug|Any CPU.Build.0 = Debug|Any CPU
		{3EA01670-5E84-D621-34A7-471C126AC737}.Release|Any CPU.ActiveCfg = Release|Any CPU
		{3EA01670-5E84-D621-34A7-471C126AC737}.Release|Any CPU.Build.0 = Release|Any CPU
		{1E813658-6337-10AF-474A-C05B3796FE2E}.Debug|Any CPU.ActiveCfg = Debug|Any CPU
		{1E813658-6337-10AF-474A-C05B3796FE2E}.Debug|Any CPU.Build.0 = Debug|Any CPU
		{1E813658-6337-10AF-474A-C05B3796FE2E}.Release|Any CPU.ActiveCfg = Release|Any CPU
		{1E813658-6337-10AF-474A-C05B3796FE2E}.Release|Any CPU.Build.0 = Release|Any CPU
		{CEA69AB2-C6E3-787F-79D2-DB00876C907A}.Debug|Any CPU.ActiveCfg = Debug|Any CPU
		{CEA69AB2-C6E3-787F-79D2-DB00876C907A}.Debug|Any CPU.Build.0 = Debug|Any CPU
		{CEA69AB2-C6E3-787F-79D2-DB00876C907A}.Release|Any CPU.ActiveCfg = Release|Any CPU
		{CEA69AB2-C6E3-787F-79D2-DB00876C907A}.Release|Any CPU.Build.0 = Release|Any CPU
		{6211C51D-867A-88A7-5149-A05FD7F6E0E8}.Debug|Any CPU.ActiveCfg = Debug|Any CPU
		{6211C51D-867A-88A7-5149-A05FD7F6E0E8}.Debug|Any CPU.Build.0 = Debug|Any CPU
		{6211C51D-867A-88A7-5149-A05FD7F6E0E8}.Release|Any CPU.ActiveCfg = Release|Any CPU
		{6211C51D-867A-88A7-5149-A05FD7F6E0E8}.Release|Any CPU.Build.0 = Release|Any CPU
		{0FAD9999-B0D6-F45A-850C-2589C894615B}.Debug|Any CPU.ActiveCfg = Debug|Any CPU
		{0FAD9999-B0D6-F45A-850C-2589C894615B}.Debug|Any CPU.Build.0 = Debug|Any CPU
		{0FAD9999-B0D6-F45A-850C-2589C894615B}.Release|Any CPU.ActiveCfg = Release|Any CPU
		{0FAD9999-B0D6-F45A-850C-2589C894615B}.Release|Any CPU.Build.0 = Release|Any CPU
		{57016CC9-B243-134D-FD4C-3AB88705C1B5}.Debug|Any CPU.ActiveCfg = Debug|Any CPU
		{57016CC9-B243-134D-FD4C-3AB88705C1B5}.Debug|Any CPU.Build.0 = Debug|Any CPU
		{57016CC9-B243-134D-FD4C-3AB88705C1B5}.Release|Any CPU.ActiveCfg = Release|Any CPU
		{57016CC9-B243-134D-FD4C-3AB88705C1B5}.Release|Any CPU.Build.0 = Release|Any CPU
	EndGlobalSection
	GlobalSection(SolutionProperties) = preSolution
		HideSolutionNode = FALSE
	EndGlobalSection
EndGlobal
